
Microsoft Visual Studio Solution File, Format Version 12.00
# Visual Studio Version 16
VisualStudioVersion = 16.0.29123.88
MinimumVisualStudioVersion = 10.0.40219.1
Project("{FAE04EC0-301F-11D3-BF4B-00C04F79EFBC}") = "EntityFrameworkMigrationScript", "EntityFrameworkMigrationScript.csproj", "{A3509F78-5991-4225-9A41-40DE8CBE6759}"
EndProject
Global
	GlobalSection(SolutionConfigurationPlatforms) = preSolution
		Debug|Any CPU = Debug|Any CPU
		Release|Any CPU = Release|Any CPU
	EndGlobalSection
	GlobalSection(ProjectConfigurationPlatforms) = postSolution
		{A3509F78-5991-4225-9A41-40DE8CBE6759}.Debug|Any CPU.ActiveCfg = Debug|Any CPU
		{A3509F78-5991-4225-9A41-40DE8CBE6759}.Debug|Any CPU.Build.0 = Debug|Any CPU
		{A3509F78-5991-4225-9A41-40DE8CBE6759}.Release|Any CPU.ActiveCfg = Release|Any CPU
		{A3509F78-5991-4225-9A41-40DE8CBE6759}.Release|Any CPU.Build.0 = Release|Any CPU
	EndGlobalSection
	GlobalSection(SolutionProperties) = preSolution
		HideSolutionNode = FALSE
	EndGlobalSection
	GlobalSection(ExtensibilityGlobals) = postSolution
		SolutionGuid = {C610F0B3-50E5-4674-B9B4-2517B4FB3A04}
	EndGlobalSection
EndGlobal
